
Microsoft Visual Studio Solution File, Format Version 12.00
# Visual Studio 15
VisualStudioVersion = 15.0.28307.757
MinimumVisualStudioVersion = 10.0.40219.1
Project("{FAE04EC0-301F-11D3-BF4B-00C04F79EFBC}") = "OOPBase", "OOPBase.csproj", "{E08E4785-CA80-4F07-9F01-2C7DA5E374D0}"
EndProject
Project("{FAE04EC0-301F-11D3-BF4B-00C04F79EFBC}") = "SimpleFactoryPattern", "..\SimpleFactoryPattern\SimpleFactoryPattern.csproj", "{67C9739D-5F43-4445-A5A6-E490039FB32B}"
EndProject
Project("{FAE04EC0-301F-11D3-BF4B-00C04F79EFBC}") = "StrategyPattern", "..\StrategyPattern\StrategyPattern.csproj", "{517AE41B-1C11-463F-AFAB-D779ED19AC99}"
EndProject
Project("{FAE04EC0-301F-11D3-BF4B-00C04F79EFBC}") = "DecoratorPattern", "..\DecoratorPattern\DecoratorPattern.csproj", "{34C7F934-7FD9-4281-AC3F-695B5900A0B0}"
EndProject
Project("{FAE04EC0-301F-11D3-BF4B-00C04F79EFBC}") = "ProxyPattern", "..\ProxyPattern\ProxyPattern.csproj", "{8D5B72E5-BE2D-4E5E-991F-7F62E80D50C0}"
EndProject
Project("{FAE04EC0-301F-11D3-BF4B-00C04F79EFBC}") = "FactoryMethodPattern", "..\FactoryMethodPattern\FactoryMethodPattern.csproj", "{2855B39F-7AEA-4092-B81C-5494C6B674CC}"
EndProject
Global
	GlobalSection(SolutionConfigurationPlatforms) = preSolution
		Debug|Any CPU = Debug|Any CPU
		Release|Any CPU = Release|Any CPU
	EndGlobalSection
	GlobalSection(ProjectConfigurationPlatforms) = postSolution
		{E08E4785-CA80-4F07-9F01-2C7DA5E374D0}.Debug|Any CPU.ActiveCfg = Debug|Any CPU
		{E08E4785-CA80-4F07-9F01-2C7DA5E374D0}.Debug|Any CPU.Build.0 = Debug|Any CPU
		{E08E4785-CA80-4F07-9F01-2C7DA5E374D0}.Release|Any CPU.ActiveCfg = Release|Any CPU
		{E08E4785-CA80-4F07-9F01-2C7DA5E374D0}.Release|Any CPU.Build.0 = Release|Any CPU
		{67C9739D-5F43-4445-A5A6-E490039FB32B}.Debug|Any CPU.ActiveCfg = Debug|Any CPU
		{67C9739D-5F43-4445-A5A6-E490039FB32B}.Debug|Any CPU.Build.0 = Debug|Any CPU
		{67C9739D-5F43-4445-A5A6-E490039FB32B}.Release|Any CPU.ActiveCfg = Release|Any CPU
		{67C9739D-5F43-4445-A5A6-E490039FB32B}.Release|Any CPU.Build.0 = Release|Any CPU
		{517AE41B-1C11-463F-AFAB-D779ED19AC99}.Debug|Any CPU.ActiveCfg = Debug|Any CPU
		{517AE41B-1C11-463F-AFAB-D779ED19AC99}.Debug|Any CPU.Build.0 = Debug|Any CPU
		{517AE41B-1C11-463F-AFAB-D779ED19AC99}.Release|Any CPU.ActiveCfg = Release|Any CPU
		{517AE41B-1C11-463F-AFAB-D779ED19AC99}.Release|Any CPU.Build.0 = Release|Any CPU
		{34C7F934-7FD9-4281-AC3F-695B5900A0B0}.Debug|Any CPU.ActiveCfg = Debug|Any CPU
		{34C7F934-7FD9-4281-AC3F-695B5900A0B0}.Debug|Any CPU.Build.0 = Debug|Any CPU
		{34C7F934-7FD9-4281-AC3F-695B5900A0B0}.Release|Any CPU.ActiveCfg = Release|Any CPU
		{34C7F934-7FD9-4281-AC3F-695B5900A0B0}.Release|Any CPU.Build.0 = Release|Any CPU
		{8D5B72E5-BE2D-4E5E-991F-7F62E80D50C0}.Debug|Any CPU.ActiveCfg = Debug|Any CPU
		{8D5B72E5-BE2D-4E5E-991F-7F62E80D50C0}.Debug|Any CPU.Build.0 = Debug|Any CPU
		{8D5B72E5-BE2D-4E5E-991F-7F62E80D50C0}.Release|Any CPU.ActiveCfg = Release|Any CPU
		{8D5B72E5-BE2D-4E5E-991F-7F62E80D50C0}.Release|Any CPU.Build.0 = Release|Any CPU
		{2855B39F-7AEA-4092-B81C-5494C6B674CC}.Debug|Any CPU.ActiveCfg = Debug|Any CPU
		{2855B39F-7AEA-4092-B81C-5494C6B674CC}.Debug|Any CPU.Build.0 = Debug|Any CPU
		{2855B39F-7AEA-4092-B81C-5494C6B674CC}.Release|Any CPU.ActiveCfg = Release|Any CPU
		{2855B39F-7AEA-4092-B81C-5494C6B674CC}.Release|Any CPU.Build.0 = Release|Any CPU
	EndGlobalSection
	GlobalSection(SolutionProperties) = preSolution
		HideSolutionNode = FALSE
	EndGlobalSection
	GlobalSection(ExtensibilityGlobals) = postSolution
		SolutionGuid = {21550D6F-A9EA-4334-8D27-D88C059AFF95}
	EndGlobalSection
EndGlobal
